speakeasyVersion: 1.797.0
sources:
    Creem API:
        sourceNamespace: creem-api
        sourceRevisionDigest: sha256:bbaa69a477a9188008654c096d56102c133d90f6ddbeab6a2a6055362f95d52f
        sourceBlobDigest: sha256:d4aa6b63396dc69f909d3a87aad07fe36e03177518c0ca57409bb437bbf72287
        tags:
            - latest
            - v1
targets:
    creem:
        source: Creem API
        sourceNamespace: creem-api
        sourceRevisionDigest: sha256:bbaa69a477a9188008654c096d56102c133d90f6ddbeab6a2a6055362f95d52f
        sourceBlobDigest: sha256:d4aa6b63396dc69f909d3a87aad07fe36e03177518c0ca57409bb437bbf72287
        codeSamplesNamespace: creem-api-typescript-code-samples
        codeSamplesRevisionDigest: sha256:73ef428a81cf72f8a63cba04a66ea042c41508b3f8f403d1b48c8d455430cbcd
workflow:
    workflowVersion: 1.0.0
    speakeasyVersion: latest
    sources:
        Creem API:
            inputs:
                - location: ./openapi.json
            registry:
                location: registry.speakeasyapi.dev/creem/engineering/creem-api
    targets:
        creem:
            target: typescript
            source: Creem API
            publish:
                npm:
                    token: $npm_token
            codeSamples:
                registry:
                    location: registry.speakeasyapi.dev/creem/engineering/creem-api-typescript-code-samples
                labelOverride:
                    fixedValue: Typescript (SDK)
                blocking: false
