speakeasyVersion: 1.796.4
sources:
    Creem API:
        sourceNamespace: creem-api
        sourceRevisionDigest: sha256:1a8637193ae8bd04987e6fb392490348315f08f8a94f6c61bc4121485c6f21eb
        sourceBlobDigest: sha256:ce08667326d34065c0c7fa0ed575b7e1895efe6a1fb26e89152b424a95b5ef03
        tags:
            - latest
            - v1
targets:
    creem:
        source: Creem API
        sourceNamespace: creem-api
        sourceRevisionDigest: sha256:1a8637193ae8bd04987e6fb392490348315f08f8a94f6c61bc4121485c6f21eb
        sourceBlobDigest: sha256:ce08667326d34065c0c7fa0ed575b7e1895efe6a1fb26e89152b424a95b5ef03
        codeSamplesNamespace: creem-api-typescript-code-samples
        codeSamplesRevisionDigest: sha256:985fd7c637041f0805135b97ccfe5f38b09a6f67da0f4c2979cea634414deb61
workflow:
    workflowVersion: 1.0.0
    speakeasyVersion: latest
    sources:
        Creem API:
            inputs:
                - location: ./openapi.json
            registry:
                location: registry.speakeasyapi.dev/creem/engineering/creem-api
    targets:
        creem:
            target: typescript
            source: Creem API
            publish:
                npm:
                    token: $npm_token
            codeSamples:
                registry:
                    location: registry.speakeasyapi.dev/creem/engineering/creem-api-typescript-code-samples
                labelOverride:
                    fixedValue: Typescript (SDK)
                blocking: false
