speakeasyVersion: 1.797.0
sources:
    Creem API:
        sourceNamespace: creem-api
        sourceRevisionDigest: sha256:837afc2a374fb644bac9e3fa6cc371aa652c3a43e2a07313ffd87b1e3a86ba87
        sourceBlobDigest: sha256:55c7ad5060395df39acf04719892be7e4edb0f2c3f1b697cc2a80daf913714f8
        tags:
            - latest
            - v1
targets:
    creem:
        source: Creem API
        sourceNamespace: creem-api
        sourceRevisionDigest: sha256:837afc2a374fb644bac9e3fa6cc371aa652c3a43e2a07313ffd87b1e3a86ba87
        sourceBlobDigest: sha256:55c7ad5060395df39acf04719892be7e4edb0f2c3f1b697cc2a80daf913714f8
        codeSamplesNamespace: creem-api-typescript-code-samples
        codeSamplesRevisionDigest: sha256:bf46458142e423438211e9b063b3c6aec3dc45b0a0a65f1a6928bc6e84f29fab
workflow:
    workflowVersion: 1.0.0
    speakeasyVersion: latest
    sources:
        Creem API:
            inputs:
                - location: ./openapi.json
            registry:
                location: registry.speakeasyapi.dev/creem/engineering/creem-api
    targets:
        creem:
            target: typescript
            source: Creem API
            publish:
                npm:
                    token: $npm_token
            codeSamples:
                registry:
                    location: registry.speakeasyapi.dev/creem/engineering/creem-api-typescript-code-samples
                labelOverride:
                    fixedValue: Typescript (SDK)
                blocking: false
