speakeasyVersion: 1.768.2
sources:
    Creem API:
        sourceNamespace: creem-api
        sourceRevisionDigest: sha256:c08beb803da2f6903ca791a8869901ca70e2dcf1c64d0c5e757e02e187340dff
        sourceBlobDigest: sha256:372ff83efcc4be8d03511f657acf90ef2ae7345c48cfe1ed28adee6f59ef04c4
        tags:
            - latest
            - v1
targets:
    creem:
        source: Creem API
        sourceNamespace: creem-api
        sourceRevisionDigest: sha256:c08beb803da2f6903ca791a8869901ca70e2dcf1c64d0c5e757e02e187340dff
        sourceBlobDigest: sha256:372ff83efcc4be8d03511f657acf90ef2ae7345c48cfe1ed28adee6f59ef04c4
        codeSamplesNamespace: creem-api-typescript-code-samples
        codeSamplesRevisionDigest: sha256:e93b4a45bcc0336d181b8782d5926c3e53fecf989d7bf2800ab9fcdefdea3400
workflow:
    workflowVersion: 1.0.0
    speakeasyVersion: latest
    sources:
        Creem API:
            inputs:
                - location: ./openapi.json
            overlays:
                - location: .speakeasy/speakeasy-modifications-overlay.yaml
            registry:
                location: registry.speakeasyapi.dev/creem/engineering/creem-api
    targets:
        creem:
            target: typescript
            source: Creem API
            publish:
                npm:
                    token: $npm_token
            codeSamples:
                registry:
                    location: registry.speakeasyapi.dev/creem/engineering/creem-api-typescript-code-samples
                labelOverride:
                    fixedValue: Typescript (SDK)
                blocking: false
