speakeasyVersion: 1.768.2
sources:
    Creem API:
        sourceNamespace: creem-api
        sourceRevisionDigest: sha256:dd58dc85ea1e0ffcebb2bd157832acc75c60a280f8bb2fafb6459c0e24a30b5b
        sourceBlobDigest: sha256:b5ce3f3d69ab709d8abd68c64f150b997075a57dfc5bc64a549ea8a63d372d5d
        tags:
            - latest
            - v1
targets:
    creem:
        source: Creem API
        sourceNamespace: creem-api
        sourceRevisionDigest: sha256:dd58dc85ea1e0ffcebb2bd157832acc75c60a280f8bb2fafb6459c0e24a30b5b
        sourceBlobDigest: sha256:b5ce3f3d69ab709d8abd68c64f150b997075a57dfc5bc64a549ea8a63d372d5d
        codeSamplesNamespace: creem-api-typescript-code-samples
        codeSamplesRevisionDigest: sha256:cbc37c70ebd12f76185a19dc944de05ea2b039452ba09c674cb92391d2fb9145
workflow:
    workflowVersion: 1.0.0
    speakeasyVersion: latest
    sources:
        Creem API:
            inputs:
                - location: ./openapi.json
            overlays:
                - location: .speakeasy/speakeasy-modifications-overlay.yaml
            registry:
                location: registry.speakeasyapi.dev/creem/engineering/creem-api
    targets:
        creem:
            target: typescript
            source: Creem API
            publish:
                npm:
                    token: $npm_token
            codeSamples:
                registry:
                    location: registry.speakeasyapi.dev/creem/engineering/creem-api-typescript-code-samples
                labelOverride:
                    fixedValue: Typescript (SDK)
                blocking: false
