speakeasyVersion: 1.761.9
sources:
    Creem API:
        sourceNamespace: creem-api
        sourceRevisionDigest: sha256:c267e6d6a5eac0a1c1f2a0a14b5375015e942da6d329ea8d90389982d1c5e531
        sourceBlobDigest: sha256:c39bd96ab8d6ac34d1582ec59e51afd1a47069ee7ebec7914e81afbd9bd502e0
        tags:
            - latest
            - v1
targets:
    creem:
        source: Creem API
        sourceNamespace: creem-api
        sourceRevisionDigest: sha256:c267e6d6a5eac0a1c1f2a0a14b5375015e942da6d329ea8d90389982d1c5e531
        sourceBlobDigest: sha256:c39bd96ab8d6ac34d1582ec59e51afd1a47069ee7ebec7914e81afbd9bd502e0
        codeSamplesNamespace: creem-api-typescript-code-samples
        codeSamplesRevisionDigest: sha256:1da1ecc42068776eadfa7a3fa7d2746ad906df247b7534b93de6cec3ce0db3d8
workflow:
    workflowVersion: 1.0.0
    speakeasyVersion: latest
    sources:
        Creem API:
            inputs:
                - location: ./openapi.json
            overlays:
                - location: .speakeasy/speakeasy-modifications-overlay.yaml
            registry:
                location: registry.speakeasyapi.dev/creem/engineering/creem-api
    targets:
        creem:
            target: typescript
            source: Creem API
            publish:
                npm:
                    token: $npm_token
            codeSamples:
                registry:
                    location: registry.speakeasyapi.dev/creem/engineering/creem-api-typescript-code-samples
                labelOverride:
                    fixedValue: Typescript (SDK)
                blocking: false
